
Microsoft Visual Studio Solution File, Format Version 12.00
# Visual Studio Version 17
VisualStudioVersion = 17.13.35931.197 d17.13
MinimumVisualStudioVersion = 10.0.40219.1
Project("{FAE04EC0-301F-11D3-BF4B-00C04F79EFBC}") = "database-api", "database-api\database-api.csproj", "{32C9C2D6-ED51-46BB-83A1-0CBE7970E78B}"
EndProject
Global
	GlobalSection(SolutionConfigurationPlatforms) = preSolution
		Debug|Any CPU = Debug|Any CPU
		Release|Any CPU = Release|Any CPU
	EndGlobalSection
	GlobalSection(ProjectConfigurationPlatforms) = postSolution
		{32C9C2D6-ED51-46BB-83A1-0CBE7970E78B}.Debug|Any CPU.ActiveCfg = Debug|Any CPU
		{32C9C2D6-ED51-46BB-83A1-0CBE7970E78B}.Debug|Any CPU.Build.0 = Debug|Any CPU
		{32C9C2D6-ED51-46BB-83A1-0CBE7970E78B}.Release|Any CPU.ActiveCfg = Release|Any CPU
		{32C9C2D6-ED51-46BB-83A1-0CBE7970E78B}.Release|Any CPU.Build.0 = Release|Any CPU
	EndGlobalSection
	GlobalSection(SolutionProperties) = preSolution
		HideSolutionNode = FALSE
	EndGlobalSection
	GlobalSection(ExtensibilityGlobals) = postSolution
		SolutionGuid = {B066A213-C56E-4BD6-AA2D-019B8CA9D499}
	EndGlobalSection
EndGlobal
